// !$*UTF8*$!
{
	archiveVersion = 1;
	classes = {
	};
	objectVersion = 46;
	objects = {

/* Begin PBXBuildFile section */
		168AFDF21EDF066700A9DCAE /* AppDelegate.swift in Sources */ = {isa = PBXBuildFile; fileRef = 168AFDF11EDF066700A9DCAE /* AppDelegate.swift */; };
		168AFDF41EDF066700A9DCAE /* ViewController.swift in Sources */ = {isa = PBXBuildFile; fileRef = 168AFDF31EDF066700A9DCAE /* ViewController.swift */; };
		168AFDF71EDF066700A9DCAE /* Main.storyboard in Resources */ = {isa = PBXBuildFile; fileRef = 168AFDF51EDF066700A9DCAE /* Main.storyboard */; };
		168AFDFA1EDF066700A9DCAE /* Movie.xcdatamodeld in Sources */ = {isa = PBXBuildFile; fileRef = 168AFDF81EDF066700A9DCAE /* Movie.xcdatamodeld */; };
		168AFDFC1EDF066700A9DCAE /* Assets.xcassets in Resources */ = {isa = PBXBuildFile; fileRef = 168AFDFB1EDF066700A9DCAE /* Assets.xcassets */; };
		168AFDFF1EDF066700A9DCAE /* LaunchScreen.storyboard in Resources */ = {isa = PBXBuildFile; fileRef = 168AFDFD1EDF066700A9DCAE /* LaunchScreen.storyboard */; };
		168AFE071EDF06A100A9DCAE /* CoreDataStack.swift in Sources */ = {isa = PBXBuildFile; fileRef = 168AFE061EDF06A100A9DCAE /* CoreDataStack.swift */; };
		168AFE091EDF0BBA00A9DCAE /* README in Resources */ = {isa = PBXBuildFile; fileRef = 168AFE081EDF0BBA00A9DCAE /* README */; };
		168AFE0B1EDF0CE000A9DCAE /* Movie+CoreDataClass.swift in Sources */ = {isa = PBXBuildFile; fileRef = 168AFE0A1EDF0CE000A9DCAE /* Movie+CoreDataClass.swift */; };
		168AFE0F1EDF15FA00A9DCAE /* MovieTableViewController.swift in Sources */ = {isa = PBXBuildFile; fileRef = 168AFE0E1EDF15FA00A9DCAE /* MovieTableViewController.swift */; };
		168AFE111EDF160700A9DCAE /* MovieTableViewCell.swift in Sources */ = {isa = PBXBuildFile; fileRef = 168AFE101EDF160700A9DCAE /* MovieTableViewCell.swift */; };
		168AFE151EDF163C00A9DCAE /* movies.json in Resources */ = {isa = PBXBuildFile; fileRef = 168AFE141EDF163C00A9DCAE /* movies.json */; };
		168AFE171EDF17E200A9DCAE /* UserRating.swift in Sources */ = {isa = PBXBuildFile; fileRef = 168AFE161EDF17E200A9DCAE /* UserRating.swift */; };
		168AFE1A1EDF199C00A9DCAE /* MovieService.swift in Sources */ = {isa = PBXBuildFile; fileRef = 168AFE191EDF199C00A9DCAE /* MovieService.swift */; };
		169C7FB31EDF21EF000D6A5C /* batman.png in Resources */ = {isa = PBXBuildFile; fileRef = 169C7FA31EDF21EF000D6A5C /* batman.png */; };
		169C7FB41EDF21EF000D6A5C /* blackstar.png in Resources */ = {isa = PBXBuildFile; fileRef = 169C7FA41EDF21EF000D6A5C /* blackstar.png */; };
		169C7FB51EDF21EF000D6A5C /* harrypotter.png in Resources */ = {isa = PBXBuildFile; fileRef = 169C7FA51EDF21EF000D6A5C /* harrypotter.png */; };
		169C7FB61EDF21EF000D6A5C /* jurassic.png in Resources */ = {isa = PBXBuildFile; fileRef = 169C7FA61EDF21EF000D6A5C /* jurassic.png */; };
		169C7FB71EDF21EF000D6A5C /* lordoftherings.png in Resources */ = {isa = PBXBuildFile; fileRef = 169C7FA71EDF21EF000D6A5C /* lordoftherings.png */; };
		169C7FB81EDF21EF000D6A5C /* madmax.png in Resources */ = {isa = PBXBuildFile; fileRef = 169C7FA81EDF21EF000D6A5C /* madmax.png */; };
		169C7FB91EDF21EF000D6A5C /* pirates.png in Resources */ = {isa = PBXBuildFile; fileRef = 169C7FA91EDF21EF000D6A5C /* pirates.png */; };
		169C7FBA1EDF21EF000D6A5C /* pixar.png in Resources */ = {isa = PBXBuildFile; fileRef = 169C7FAA1EDF21EF000D6A5C /* pixar.png */; };
		169C7FBB1EDF21EF000D6A5C /* startrek.png in Resources */ = {isa = PBXBuildFile; fileRef = 169C7FAB1EDF21EF000D6A5C /* startrek.png */; };
		169C7FBC1EDF21EF000D6A5C /* starwars.png in Resources */ = {isa = PBXBuildFile; fileRef = 169C7FAC1EDF21EF000D6A5C /* starwars.png */; };
		169C7FBD1EDF21EF000D6A5C /* ted2.png in Resources */ = {isa = PBXBuildFile; fileRef = 169C7FAD1EDF21EF000D6A5C /* ted2.png */; };
		169C7FBE1EDF21EF000D6A5C /* terminator.png in Resources */ = {isa = PBXBuildFile; fileRef = 169C7FAE1EDF21EF000D6A5C /* terminator.png */; };
		169C7FBF1EDF21EF000D6A5C /* transformer.png in Resources */ = {isa = PBXBuildFile; fileRef = 169C7FAF1EDF21EF000D6A5C /* transformer.png */; };
		169C7FC01EDF21EF000D6A5C /* ultimatepixar.png in Resources */ = {isa = PBXBuildFile; fileRef = 169C7FB01EDF21EF000D6A5C /* ultimatepixar.png */; };
		169C7FC11EDF21EF000D6A5C /* xmen.png in Resources */ = {isa = PBXBuildFile; fileRef = 169C7FB11EDF21EF000D6A5C /* xmen.png */; };
		169C7FC21EDF21EF000D6A5C /* yellowstar.png in Resources */ = {isa = PBXBuildFile; fileRef = 169C7FB21EDF21EF000D6A5C /* yellowstar.png */; };
/* End PBXBuildFile section */

/* Begin PBXFileReference section */
		168AFDEE1EDF066700A9DCAE /* Movie.app */ = {isa = PBXFileReference; explicitFileType = wrapper.application; includeInIndex = 0; path = Movie.app; sourceTree = BUILT_PRODUCTS_DIR; };
		168AFDF11EDF066700A9DCAE /* AppDelegate.swift */ = {isa = PBXFileReference; lastKnownFileType = sourcecode.swift; path = AppDelegate.swift; sourceTree = "<group>"; };
		168AFDF31EDF066700A9DCAE /* ViewController.swift */ = {isa = PBXFileReference; lastKnownFileType = sourcecode.swift; path = ViewController.swift; sourceTree = "<group>"; };
		168AFDF61EDF066700A9DCAE /* Base */ = {isa = PBXFileReference; lastKnownFileType = file.storyboard; name = Base; path = Base.lproj/Main.storyboard; sourceTree = "<group>"; };
		168AFDF91EDF066700A9DCAE /* Movie.xcdatamodel */ = {isa = PBXFileReference; lastKnownFileType = wrapper.xcdatamodel; path = Movie.xcdatamodel; sourceTree = "<group>"; };
		168AFDFB1EDF066700A9DCAE /* Assets.xcassets */ = {isa = PBXFileReference; lastKnownFileType = folder.assetcatalog; path = Assets.xcassets; sourceTree = "<group>"; };
		168AFDFE1EDF066700A9DCAE /* Base */ = {isa = PBXFileReference; lastKnownFileType = file.storyboard; name = Base; path = Base.lproj/LaunchScreen.storyboard; sourceTree = "<group>"; };
		168AFE001EDF066700A9DCAE /* Info.plist */ = {isa = PBXFileReference; lastKnownFileType = text.plist.xml; path = Info.plist; sourceTree = "<group>"; };
		168AFE061EDF06A100A9DCAE /* CoreDataStack.swift */ = {isa = PBXFileReference; fileEncoding = 4; lastKnownFileType = sourcecode.swift; path = CoreDataStack.swift; sourceTree = "<group>"; };
		168AFE081EDF0BBA00A9DCAE /* README */ = {isa = PBXFileReference; fileEncoding = 4; lastKnownFileType = text; path = README; sourceTree = "<group>"; };
		168AFE0A1EDF0CE000A9DCAE /* Movie+CoreDataClass.swift */ = {isa = PBXFileReference; fileEncoding = 4; lastKnownFileType = sourcecode.swift; path = "Movie+CoreDataClass.swift"; sourceTree = "<group>"; };
		168AFE0E1EDF15FA00A9DCAE /* MovieTableViewController.swift */ = {isa = PBXFileReference; fileEncoding = 4; lastKnownFileType = sourcecode.swift; path = MovieTableViewController.swift; sourceTree = "<group>"; };
		168AFE101EDF160700A9DCAE /* MovieTableViewCell.swift */ = {isa = PBXFileReference; fileEncoding = 4; lastKnownFileType = sourcecode.swift; path = MovieTableViewCell.swift; sourceTree = "<group>"; };
		168AFE141EDF163C00A9DCAE /* movies.json */ = {isa = PBXFileReference; fileEncoding = 4; lastKnownFileType = text.json; path = movies.json; sourceTree = "<group>"; };
		168AFE161EDF17E200A9DCAE /* UserRating.swift */ = {isa = PBXFileReference; fileEncoding = 4; lastKnownFileType = sourcecode.swift; path = UserRating.swift; sourceTree = "<group>"; };
		168AFE191EDF199C00A9DCAE /* MovieService.swift */ = {isa = PBXFileReference; fileEncoding = 4; lastKnownFileType = sourcecode.swift; path = MovieService.swift; sourceTree = "<group>"; };
		169C7FA31EDF21EF000D6A5C /* batman.png */ = {isa = PBXFileReference; lastKnownFileType = image.png; path = batman.png; sourceTree = "<group>"; };
		169C7FA41EDF21EF000D6A5C /* blackstar.png */ = {isa = PBXFileReference; lastKnownFileType = image.png; path = blackstar.png; sourceTree = "<group>"; };
		169C7FA51EDF21EF000D6A5C /* harrypotter.png */ = {isa = PBXFileReference; lastKnownFileType = image.png; path = harrypotter.png; sourceTree = "<group>"; };
		169C7FA61EDF21EF000D6A5C /* jurassic.png */ = {isa = PBXFileReference; lastKnownFileType = image.png; path = jurassic.png; sourceTree = "<group>"; };
		169C7FA71EDF21EF000D6A5C /* lordoftherings.png */ = {isa = PBXFileReference; lastKnownFileType = image.png; path = lordoftherings.png; sourceTree = "<group>"; };
		169C7FA81EDF21EF000D6A5C /* madmax.png */ = {isa = PBXFileReference; lastKnownFileType = image.png; path = madmax.png; sourceTree = "<group>"; };
		169C7FA91EDF21EF000D6A5C /* pirates.png */ = {isa = PBXFileReference; lastKnownFileType = image.png; path = pirates.png; sourceTree = "<group>"; };
		169C7FAA1EDF21EF000D6A5C /* pixar.png */ = {isa = PBXFileReference; lastKnownFileType = image.png; path = pixar.png; sourceTree = "<group>"; };
		169C7FAB1EDF21EF000D6A5C /* startrek.png */ = {isa = PBXFileReference; lastKnownFileType = image.png; path = startrek.png; sourceTree = "<group>"; };
		169C7FAC1EDF21EF000D6A5C /* starwars.png */ = {isa = PBXFileReference; lastKnownFileType = image.png; path = starwars.png; sourceTree = "<group>"; };
		169C7FAD1EDF21EF000D6A5C /* ted2.png */ = {isa = PBXFileReference; lastKnownFileType = image.png; path = ted2.png; sourceTree = "<group>"; };
		169C7FAE1EDF21EF000D6A5C /* terminator.png */ = {isa = PBXFileReference; lastKnownFileType = image.png; path = terminator.png; sourceTree = "<group>"; };
		169C7FAF1EDF21EF000D6A5C /* transformer.png */ = {isa = PBXFileReference; lastKnownFileType = image.png; path = transformer.png; sourceTree = "<group>"; };
		169C7FB01EDF21EF000D6A5C /* ultimatepixar.png */ = {isa = PBXFileReference; lastKnownFileType = image.png; path = ultimatepixar.png; sourceTree = "<group>"; };
		169C7FB11EDF21EF000D6A5C /* xmen.png */ = {isa = PBXFileReference; lastKnownFileType = image.png; path = xmen.png; sourceTree = "<group>"; };
		169C7FB21EDF21EF000D6A5C /* yellowstar.png */ = {isa = PBXFileReference; lastKnownFileType = image.png; path = yellowstar.png; sourceTree = "<group>"; };
/* End PBXFileReference section */

/* Begin PBXFrameworksBuildPhase section */
		168AFDEB1EDF066700A9DCAE /* Frameworks */ = {
			isa = PBXFrameworksBuildPhase;
			buildActionMask = 2147483647;
			files = (
			);
			runOnlyForDeploymentPostprocessing = 0;
		};
/* End PBXFrameworksBuildPhase section */

/* Begin PBXGroup section */
		168AFDE51EDF066700A9DCAE = {
			isa = PBXGroup;
			children = (
				168AFDF01EDF066700A9DCAE /* Movie */,
				168AFDEF1EDF066700A9DCAE /* Products */,
			);
			sourceTree = "<group>";
		};
		168AFDEF1EDF066700A9DCAE /* Products */ = {
			isa = PBXGroup;
			children = (
				168AFDEE1EDF066700A9DCAE /* Movie.app */,
			);
			name = Products;
			sourceTree = "<group>";
		};
		168AFDF01EDF066700A9DCAE /* Movie */ = {
			isa = PBXGroup;
			children = (
				169C7FA21EDF21D8000D6A5C /* images */,
				168AFE121EDF161300A9DCAE /* controller */,
				168AFE131EDF161B00A9DCAE /* view */,
				168AFE181EDF198B00A9DCAE /* model */,
				168AFE161EDF17E200A9DCAE /* UserRating.swift */,
				168AFE141EDF163C00A9DCAE /* movies.json */,
				168AFDF11EDF066700A9DCAE /* AppDelegate.swift */,
				168AFDF31EDF066700A9DCAE /* ViewController.swift */,
				168AFDF51EDF066700A9DCAE /* Main.storyboard */,
				168AFDFB1EDF066700A9DCAE /* Assets.xcassets */,
				168AFDFD1EDF066700A9DCAE /* LaunchScreen.storyboard */,
				168AFE001EDF066700A9DCAE /* Info.plist */,
				168AFDF81EDF066700A9DCAE /* Movie.xcdatamodeld */,
				168AFE081EDF0BBA00A9DCAE /* README */,
			);
			path = Movie;
			sourceTree = "<group>";
		};
		168AFE121EDF161300A9DCAE /* controller */ = {
			isa = PBXGroup;
			children = (
				168AFE0E1EDF15FA00A9DCAE /* MovieTableViewController.swift */,
			);
			name = controller;
			sourceTree = "<group>";
		};
		168AFE131EDF161B00A9DCAE /* view */ = {
			isa = PBXGroup;
			children = (
				168AFE101EDF160700A9DCAE /* MovieTableViewCell.swift */,
			);
			name = view;
			sourceTree = "<group>";
		};
		168AFE181EDF198B00A9DCAE /* model */ = {
			isa = PBXGroup;
			children = (
				168AFE0A1EDF0CE000A9DCAE /* Movie+CoreDataClass.swift */,
				168AFE061EDF06A100A9DCAE /* CoreDataStack.swift */,
				168AFE191EDF199C00A9DCAE /* MovieService.swift */,
			);
			name = model;
			sourceTree = "<group>";
		};
		169C7FA21EDF21D8000D6A5C /* images */ = {
			isa = PBXGroup;
			children = (
				169C7FA31EDF21EF000D6A5C /* batman.png */,
				169C7FA41EDF21EF000D6A5C /* blackstar.png */,
				169C7FA51EDF21EF000D6A5C /* harrypotter.png */,
				169C7FA61EDF21EF000D6A5C /* jurassic.png */,
				169C7FA71EDF21EF000D6A5C /* lordoftherings.png */,
				169C7FA81EDF21EF000D6A5C /* madmax.png */,
				169C7FA91EDF21EF000D6A5C /* pirates.png */,
				169C7FAA1EDF21EF000D6A5C /* pixar.png */,
				169C7FAB1EDF21EF000D6A5C /* startrek.png */,
				169C7FAC1EDF21EF000D6A5C /* starwars.png */,
				169C7FAD1EDF21EF000D6A5C /* ted2.png */,
				169C7FAE1EDF21EF000D6A5C /* terminator.png */,
				169C7FAF1EDF21EF000D6A5C /* transformer.png */,
				169C7FB01EDF21EF000D6A5C /* ultimatepixar.png */,
				169C7FB11EDF21EF000D6A5C /* xmen.png */,
				169C7FB21EDF21EF000D6A5C /* yellowstar.png */,
			);
			name = images;
			sourceTree = "<group>";
		};
/* End PBXGroup section */

/* Begin PBXNativeTarget section */
		168AFDED1EDF066700A9DCAE /* Movie */ = {
			isa = PBXNativeTarget;
			buildConfigurationList = 168AFE031EDF066700A9DCAE /* Build configuration list for PBXNativeTarget "Movie" */;
			buildPhases = (
				168AFDEA1EDF066700A9DCAE /* Sources */,
				168AFDEB1EDF066700A9DCAE /* Frameworks */,
				168AFDEC1EDF066700A9DCAE /* Resources */,
			);
			buildRules = (
			);
			dependencies = (
			);
			name = Movie;
			productName = Movie;
			productReference = 168AFDEE1EDF066700A9DCAE /* Movie.app */;
			productType = "com.apple.product-type.application";
		};
/* End PBXNativeTarget section */

/* Begin PBXProject section */
		168AFDE61EDF066700A9DCAE /* Project object */ = {
			isa = PBXProject;
			attributes = {
				LastSwiftUpdateCheck = 0830;
				LastUpgradeCheck = 0830;
				ORGANIZATIONNAME = "Marcelo Mogrovejo";
				TargetAttributes = {
					168AFDED1EDF066700A9DCAE = {
						CreatedOnToolsVersion = 8.3.2;
						DevelopmentTeam = UZ8Z6MM7C2;
						ProvisioningStyle = Automatic;
					};
				};
			};
			buildConfigurationList = 168AFDE91EDF066700A9DCAE /* Build configuration list for PBXProject "Movie" */;
			compatibilityVersion = "Xcode 3.2";
			developmentRegion = English;
			hasScannedForEncodings = 0;
			knownRegions = (
				en,
				Base,
			);
			mainGroup = 168AFDE51EDF066700A9DCAE;
			productRefGroup = 168AFDEF1EDF066700A9DCAE /* Products */;
			projectDirPath = "";
			projectRoot = "";
			targets = (
				168AFDED1EDF066700A9DCAE /* Movie */,
			);
		};
/* End PBXProject section */

/* Begin PBXResourcesBuildPhase section */
		168AFDEC1EDF066700A9DCAE /* Resources */ = {
			isa = PBXResourcesBuildPhase;
			buildActionMask = 2147483647;
			files = (
				168AFE151EDF163C00A9DCAE /* movies.json in Resources */,
				169C7FBF1EDF21EF000D6A5C /* transformer.png in Resources */,
				169C7FB81EDF21EF000D6A5C /* madmax.png in Resources */,
				169C7FC01EDF21EF000D6A5C /* ultimatepixar.png in Resources */,
				169C7FBC1EDF21EF000D6A5C /* starwars.png in Resources */,
				168AFE091EDF0BBA00A9DCAE /* README in Resources */,
				169C7FBB1EDF21EF000D6A5C /* startrek.png in Resources */,
				169C7FB31EDF21EF000D6A5C /* batman.png in Resources */,
				169C7FB71EDF21EF000D6A5C /* lordoftherings.png in Resources */,
				169C7FB41EDF21EF000D6A5C /* blackstar.png in Resources */,
				169C7FB91EDF21EF000D6A5C /* pirates.png in Resources */,
				169C7FC11EDF21EF000D6A5C /* xmen.png in Resources */,
				169C7FC21EDF21EF000D6A5C /* yellowstar.png in Resources */,
				168AFDFF1EDF066700A9DCAE /* LaunchScreen.storyboard in Resources */,
				169C7FBD1EDF21EF000D6A5C /* ted2.png in Resources */,
				168AFDFC1EDF066700A9DCAE /* Assets.xcassets in Resources */,
				169C7FB51EDF21EF000D6A5C /* harrypotter.png in Resources */,
				169C7FBE1EDF21EF000D6A5C /* terminator.png in Resources */,
				168AFDF71EDF066700A9DCAE /* Main.storyboard in Resources */,
				169C7FB61EDF21EF000D6A5C /* jurassic.png in Resources */,
				169C7FBA1EDF21EF000D6A5C /* pixar.png in Resources */,
			);
			runOnlyForDeploymentPostprocessing = 0;
		};
/* End PBXResourcesBuildPhase section */

/* Begin PBXSourcesBuildPhase section */
		168AFDEA1EDF066700A9DCAE /* Sources */ = {
			isa = PBXSourcesBuildPhase;
			buildActionMask = 2147483647;
			files = (
				168AFDF41EDF066700A9DCAE /* ViewController.swift in Sources */,
				168AFDFA1EDF066700A9DCAE /* Movie.xcdatamodeld in Sources */,
				168AFE111EDF160700A9DCAE /* MovieTableViewCell.swift in Sources */,
				168AFE0F1EDF15FA00A9DCAE /* MovieTableViewController.swift in Sources */,
				168AFDF21EDF066700A9DCAE /* AppDelegate.swift in Sources */,
				168AFE0B1EDF0CE000A9DCAE /* Movie+CoreDataClass.swift in Sources */,
				168AFE1A1EDF199C00A9DCAE /* MovieService.swift in Sources */,
				168AFE071EDF06A100A9DCAE /* CoreDataStack.swift in Sources */,
				168AFE171EDF17E200A9DCAE /* UserRating.swift in Sources */,
			);
			runOnlyForDeploymentPostprocessing = 0;
		};
/* End PBXSourcesBuildPhase section */

/* Begin PBXVariantGroup section */
		168AFDF51EDF066700A9DCAE /* Main.storyboard */ = {
			isa = PBXVariantGroup;
			children = (
				168AFDF61EDF066700A9DCAE /* Base */,
			);
			name = Main.storyboard;
			sourceTree = "<group>";
		};
		168AFDFD1EDF066700A9DCAE /* LaunchScreen.storyboard */ = {
			isa = PBXVariantGroup;
			children = (
				168AFDFE1EDF066700A9DCAE /* Base */,
			);
			name = LaunchScreen.storyboard;
			sourceTree = "<group>";
		};
/* End PBXVariantGroup section */

/* Begin XCBuildConfiguration section */
		168AFE011EDF066700A9DCAE /* Debug */ = {
			isa = XCBuildConfiguration;
			buildSettings = {
				ALWAYS_SEARCH_USER_PATHS = NO;
				CLANG_ANALYZER_NONNULL = YES;
				CLANG_ANALYZER_NUMBER_OBJECT_CONVERSION = YES_AGGRESSIVE;
				CLANG_CXX_LANGUAGE_STANDARD = "gnu++0x";
				CLANG_CXX_LIBRARY = "libc++";
				CLANG_ENABLE_MODULES = YES;
				CLANG_ENABLE_OBJC_ARC = YES;
				CLANG_WARN_BOOL_CONVERSION = YES;
				CLANG_WARN_CONSTANT_CONVERSION = YES;
				CLANG_WARN_DIRECT_OBJC_ISA_USAGE = YES_ERROR;
				CLANG_WARN_DOCUMENTATION_COMMENTS = YES;
				CLANG_WARN_EMPTY_BODY = YES;
				CLANG_WARN_ENUM_CONVERSION = YES;
				CLANG_WARN_INFINITE_RECURSION = YES;
				CLANG_WARN_INT_CONVERSION = YES;
				CLANG_WARN_OBJC_ROOT_CLASS = YES_ERROR;
				CLANG_WARN_SUSPICIOUS_MOVE = YES;
				CLANG_WARN_UNREACHABLE_CODE = YES;
				CLANG_WARN__DUPLICATE_METHOD_MATCH = YES;
				"CODE_SIGN_IDENTITY[sdk=iphoneos*]" = "iPhone Developer";
				COPY_PHASE_STRIP = NO;
				DEBUG_INFORMATION_FORMAT = dwarf;
				ENABLE_STRICT_OBJC_MSGSEND = YES;
				ENABLE_TESTABILITY = YES;
				GCC_C_LANGUAGE_STANDARD = gnu99;
				GCC_DYNAMIC_NO_PIC = NO;
				GCC_NO_COMMON_BLOCKS = YES;
				GCC_OPTIMIZATION_LEVEL = 0;
				GCC_PREPROCESSOR_DEFINITIONS = (
					"DEBUG=1",
					"$(inherited)",
				);
				GCC_WARN_64_TO_32_BIT_CONVERSION = YES;
				GCC_WARN_ABOUT_RETURN_TYPE = YES_ERROR;
				GCC_WARN_UNDECLARED_SELECTOR = YES;
				GCC_WARN_UNINITIALIZED_AUTOS = YES_AGGRESSIVE;
				GCC_WARN_UNUSED_FUNCTION = YES;
				GCC_WARN_UNUSED_VARIABLE = YES;
				IPHONEOS_DEPLOYMENT_TARGET = 10.3;
				MTL_ENABLE_DEBUG_INFO = YES;
				ONLY_ACTIVE_ARCH = YES;
				SDKROOT = iphoneos;
				SWIFT_ACTIVE_COMPILATION_CONDITIONS = DEBUG;
				SWIFT_OPTIMIZATION_LEVEL = "-Onone";
			};
			name = Debug;
		};
		168AFE021EDF066700A9DCAE /* Release */ = {
			isa = XCBuildConfiguration;
			buildSettings = {
				ALWAYS_SEARCH_USER_PATHS = NO;
				CLANG_ANALYZER_NONNULL = YES;
				CLANG_ANALYZER_NUMBER_OBJECT_CONVERSION = YES_AGGRESSIVE;
				CLANG_CXX_LANGUAGE_STANDARD = "gnu++0x";
				CLANG_CXX_LIBRARY = "libc++";
				CLANG_ENABLE_MODULES = YES;
				CLANG_ENABLE_OBJC_ARC = YES;
				CLANG_WARN_BOOL_CONVERSION = YES;
				CLANG_WARN_CONSTANT_CONVERSION = YES;
				CLANG_WARN_DIRECT_OBJC_ISA_USAGE = YES_ERROR;
				CLANG_WARN_DOCUMENTATION_COMMENTS = YES;
				CLANG_WARN_EMPTY_BODY = YES;
				CLANG_WARN_ENUM_CONVERSION = YES;
				CLANG_WARN_INFINITE_RECURSION = YES;
				CLANG_WARN_INT_CONVERSION = YES;
				CLANG_WARN_OBJC_ROOT_CLASS = YES_ERROR;
				CLANG_WARN_SUSPICIOUS_MOVE = YES;
				CLANG_WARN_UNREACHABLE_CODE = YES;
				CLANG_WARN__DUPLICATE_METHOD_MATCH = YES;
				"CODE_SIGN_IDENTITY[sdk=iphoneos*]" = "iPhone Developer";
				COPY_PHASE_STRIP = NO;
				DEBUG_INFORMATION_FORMAT = "dwarf-with-dsym";
				ENABLE_NS_ASSERTIONS = NO;
				ENABLE_STRICT_OBJC_MSGSEND = YES;
				GCC_C_LANGUAGE_STANDARD = gnu99;
				GCC_NO_COMMON_BLOCKS = YES;
				GCC_WARN_64_TO_32_BIT_CONVERSION = YES;
				GCC_WARN_ABOUT_RETURN_TYPE = YES_ERROR;
				GCC_WARN_UNDECLARED_SELECTOR = YES;
				GCC_WARN_UNINITIALIZED_AUTOS = YES_AGGRESSIVE;
				GCC_WARN_UNUSED_FUNCTION = YES;
				GCC_WARN_UNUSED_VARIABLE = YES;
				IPHONEOS_DEPLOYMENT_TARGET = 10.3;
				MTL_ENABLE_DEBUG_INFO = NO;
				SDKROOT = iphoneos;
				SWIFT_OPTIMIZATION_LEVEL = "-Owholemodule";
				VALIDATE_PRODUCT = YES;
			};
			name = Release;
		};
		168AFE041EDF066700A9DCAE /* Debug */ = {
			isa = XCBuildConfiguration;
			buildSettings = {
				ASSETCATALOG_COMPILER_APPICON_NAME = AppIcon;
				DEVELOPMENT_TEAM = UZ8Z6MM7C2;
				INFOPLIST_FILE = Movie/Info.plist;
				LD_RUNPATH_SEARCH_PATHS = "$(inherited) @executable_path/Frameworks";
				PRODUCT_BUNDLE_IDENTIFIER = com.mmogrovejo.Movie;
				PRODUCT_NAME = "$(TARGET_NAME)";
				SWIFT_VERSION = 3.0;
			};
			name = Debug;
		};
		168AFE051EDF066700A9DCAE /* Release */ = {
			isa = XCBuildConfiguration;
			buildSettings = {
				ASSETCATALOG_COMPILER_APPICON_NAME = AppIcon;
				DEVELOPMENT_TEAM = UZ8Z6MM7C2;
				INFOPLIST_FILE = Movie/Info.plist;
				LD_RUNPATH_SEARCH_PATHS = "$(inherited) @executable_path/Frameworks";
				PRODUCT_BUNDLE_IDENTIFIER = com.mmogrovejo.Movie;
				PRODUCT_NAME = "$(TARGET_NAME)";
				SWIFT_VERSION = 3.0;
			};
			name = Release;
		};
/* End XCBuildConfiguration section */

/* Begin XCConfigurationList section */
		168AFDE91EDF066700A9DCAE /* Build configuration list for PBXProject "Movie" */ = {
			isa = XCConfigurationList;
			buildConfigurations = (
				168AFE011EDF066700A9DCAE /* Debug */,
				168AFE021EDF066700A9DCAE /* Release */,
			);
			defaultConfigurationIsVisible = 0;
			defaultConfigurationName = Release;
		};
		168AFE031EDF066700A9DCAE /* Build configuration list for PBXNativeTarget "Movie" */ = {
			isa = XCConfigurationList;
			buildConfigurations = (
				168AFE041EDF066700A9DCAE /* Debug */,
				168AFE051EDF066700A9DCAE /* Release */,
			);
			defaultConfigurationIsVisible = 0;
			defaultConfigurationName = Release;
		};
/* End XCConfigurationList section */

/* Begin XCVersionGroup section */
		168AFDF81EDF066700A9DCAE /* Movie.xcdatamodeld */ = {
			isa = XCVersionGroup;
			children = (
				168AFDF91EDF066700A9DCAE /* Movie.xcdatamodel */,
			);
			currentVersion = 168AFDF91EDF066700A9DCAE /* Movie.xcdatamodel */;
			path = Movie.xcdatamodeld;
			sourceTree = "<group>";
			versionGroupType = wrapper.xcdatamodel;
		};
/* End XCVersionGroup section */
	};
	rootObject = 168AFDE61EDF066700A9DCAE /* Project object */;
}
